// !$*UTF8*$!
{
	archiveVersion = 1;
	classes = {
	};
	objectVersion = 55;
	objects = {

/* Begin PBXBuildFile section */
		54A524B32958E2D600BEDF6E /* ProductCell.swift in Sources */ = {isa = PBXBuildFile; fileRef = 54A524B22958E2D600BEDF6E /* ProductCell.swift */; };
		54A524B52958E6C900BEDF6E /* Product.swift in Sources */ = {isa = PBXBuildFile; fileRef = 54A524B42958E6C900BEDF6E /* Product.swift */; };
		54A524B72958E9AF00BEDF6E /* Products.swift in Sources */ = {isa = PBXBuildFile; fileRef = 54A524B62958E9AF00BEDF6E /* Products.swift */; };
		54A524BF2958EE0900BEDF6E /* APILoader.swift in Sources */ = {isa = PBXBuildFile; fileRef = 54A524B92958EE0900BEDF6E /* APILoader.swift */; };
		54A524C02958EE0900BEDF6E /* APIHandler.swift in Sources */ = {isa = PBXBuildFile; fileRef = 54A524BA2958EE0900BEDF6E /* APIHandler.swift */; };
		54A524C12958EE0900BEDF6E /* UIViewController+Alert.swift in Sources */ = {isa = PBXBuildFile; fileRef = 54A524BC2958EE0900BEDF6E /* UIViewController+Alert.swift */; };
		54A524C22958EE0900BEDF6E /* Reachability.swift in Sources */ = {isa = PBXBuildFile; fileRef = 54A524BD2958EE0900BEDF6E /* Reachability.swift */; };
		54A524C32958EE0900BEDF6E /* String+Validation.swift in Sources */ = {isa = PBXBuildFile; fileRef = 54A524BE2958EE0900BEDF6E /* String+Validation.swift */; };
		54A524C82958F49C00BEDF6E /* ProductListViewModel.swift in Sources */ = {isa = PBXBuildFile; fileRef = 54A524C72958F49C00BEDF6E /* ProductListViewModel.swift */; };
		54A524CC29596C0600BEDF6E /* ProductListRequest.swift in Sources */ = {isa = PBXBuildFile; fileRef = 54A524CB29596C0600BEDF6E /* ProductListRequest.swift */; };
		54A524CE29596C9C00BEDF6E /* ProductListRequestError.swift in Sources */ = {isa = PBXBuildFile; fileRef = 54A524CD29596C9C00BEDF6E /* ProductListRequestError.swift */; };
		54A524D02959A2F800BEDF6E /* UIImageView+URL.swift in Sources */ = {isa = PBXBuildFile; fileRef = 54A524CF2959A2F800BEDF6E /* UIImageView+URL.swift */; };
		54F58B8F2958443A007B0D67 /* AppDelegate.swift in Sources */ = {isa = PBXBuildFile; fileRef = 54F58B8E2958443A007B0D67 /* AppDelegate.swift */; };
		54F58B912958443A007B0D67 /* SceneDelegate.swift in Sources */ = {isa = PBXBuildFile; fileRef = 54F58B902958443A007B0D67 /* SceneDelegate.swift */; };
		54F58B932958443A007B0D67 /* ViewController.swift in Sources */ = {isa = PBXBuildFile; fileRef = 54F58B922958443A007B0D67 /* ViewController.swift */; };
		54F58B962958443A007B0D67 /* Main.storyboard in Resources */ = {isa = PBXBuildFile; fileRef = 54F58B942958443A007B0D67 /* Main.storyboard */; };
		54F58B982958443F007B0D67 /* Assets.xcassets in Resources */ = {isa = PBXBuildFile; fileRef = 54F58B972958443F007B0D67 /* Assets.xcassets */; };
		54F58B9B2958443F007B0D67 /* LaunchScreen.storyboard in Resources */ = {isa = PBXBuildFile; fileRef = 54F58B992958443F007B0D67 /* LaunchScreen.storyboard */; };
		54F58BA62958443F007B0D67 /* ProductListDemoTests.swift in Sources */ = {isa = PBXBuildFile; fileRef = 54F58BA52958443F007B0D67 /* ProductListDemoTests.swift */; };
		54F58BB029584440007B0D67 /* ProductListDemoUITests.swift in Sources */ = {isa = PBXBuildFile; fileRef = 54F58BAF29584440007B0D67 /* ProductListDemoUITests.swift */; };
		54F58BB229584440007B0D67 /* ProductListDemoUITestsLaunchTests.swift in Sources */ = {isa = PBXBuildFile; fileRef = 54F58BB129584440007B0D67 /* ProductListDemoUITestsLaunchTests.swift */; };
		54F58BBF29585C0B007B0D67 /* ProductListViewController.swift in Sources */ = {isa = PBXBuildFile; fileRef = 54F58BBE29585C0B007B0D67 /* ProductListViewController.swift */; };
/* End PBXBuildFile section */

/* Begin PBXContainerItemProxy section */
		54F58BA22958443F007B0D67 /* PBXContainerItemProxy */ = {
			isa = PBXContainerItemProxy;
			containerPortal = 54F58B832958443A007B0D67 /* Project object */;
			proxyType = 1;
			remoteGlobalIDString = 54F58B8A2958443A007B0D67;
			remoteInfo = ProductListDemo;
		};
		54F58BAC29584440007B0D67 /* PBXContainerItemProxy */ = {
			isa = PBXContainerItemProxy;
			containerPortal = 54F58B832958443A007B0D67 /* Project object */;
			proxyType = 1;
			remoteGlobalIDString = 54F58B8A2958443A007B0D67;
			remoteInfo = ProductListDemo;
		};
/* End PBXContainerItemProxy section */

/* Begin PBXFileReference section */
		54A524B22958E2D600BEDF6E /* ProductCell.swift */ = {isa = PBXFileReference; fileEncoding = 4; lastKnownFileType = sourcecode.swift; path = ProductCell.swift; sourceTree = "<group>"; };
		54A524B42958E6C900BEDF6E /* Product.swift */ = {isa = PBXFileReference; lastKnownFileType = sourcecode.swift; path = Product.swift; sourceTree = "<group>"; };
		54A524B62958E9AF00BEDF6E /* Products.swift */ = {isa = PBXFileReference; lastKnownFileType = sourcecode.swift; path = Products.swift; sourceTree = "<group>"; };
		54A524B92958EE0900BEDF6E /* APILoader.swift */ = {isa = PBXFileReference; fileEncoding = 4; lastKnownFileType = sourcecode.swift; path = APILoader.swift; sourceTree = "<group>"; };
		54A524BA2958EE0900BEDF6E /* APIHandler.swift */ = {isa = PBXFileReference; fileEncoding = 4; lastKnownFileType = sourcecode.swift; path = APIHandler.swift; sourceTree = "<group>"; };
		54A524BC2958EE0900BEDF6E /* UIViewController+Alert.swift */ = {isa = PBXFileReference; fileEncoding = 4; lastKnownFileType = sourcecode.swift; path = "UIViewController+Alert.swift"; sourceTree = "<group>"; };
		54A524BD2958EE0900BEDF6E /* Reachability.swift */ = {isa = PBXFileReference; fileEncoding = 4; lastKnownFileType = sourcecode.swift; path = Reachability.swift; sourceTree = "<group>"; };
		54A524BE2958EE0900BEDF6E /* String+Validation.swift */ = {isa = PBXFileReference; fileEncoding = 4; lastKnownFileType = sourcecode.swift; path = "String+Validation.swift"; sourceTree = "<group>"; };
		54A524C72958F49C00BEDF6E /* ProductListViewModel.swift */ = {isa = PBXFileReference; lastKnownFileType = sourcecode.swift; path = ProductListViewModel.swift; sourceTree = "<group>"; };
		54A524CB29596C0600BEDF6E /* ProductListRequest.swift */ = {isa = PBXFileReference; lastKnownFileType = sourcecode.swift; path = ProductListRequest.swift; sourceTree = "<group>"; };
		54A524CD29596C9C00BEDF6E /* ProductListRequestError.swift */ = {isa = PBXFileReference; lastKnownFileType = sourcecode.swift; path = ProductListRequestError.swift; sourceTree = "<group>"; };
		54A524CF2959A2F800BEDF6E /* UIImageView+URL.swift */ = {isa = PBXFileReference; lastKnownFileType = sourcecode.swift; name = "UIImageView+URL.swift"; path = "../../../UIImageView+URL.swift"; sourceTree = "<group>"; };
		54F58B8B2958443A007B0D67 /* ProductListDemo.app */ = {isa = PBXFileReference; explicitFileType = wrapper.application; includeInIndex = 0; path = ProductListDemo.app; sourceTree = BUILT_PRODUCTS_DIR; };
		54F58B8E2958443A007B0D67 /* AppDelegate.swift */ = {isa = PBXFileReference; lastKnownFileType = sourcecode.swift; path = AppDelegate.swift; sourceTree = "<group>"; };
		54F58B902958443A007B0D67 /* SceneDelegate.swift */ = {isa = PBXFileReference; lastKnownFileType = sourcecode.swift; path = SceneDelegate.swift; sourceTree = "<group>"; };
		54F58B922958443A007B0D67 /* ViewController.swift */ = {isa = PBXFileReference; lastKnownFileType = sourcecode.swift; path = ViewController.swift; sourceTree = "<group>"; };
		54F58B952958443A007B0D67 /* Base */ = {isa = PBXFileReference; lastKnownFileType = file.storyboard; name = Base; path = Base.lproj/Main.storyboard; sourceTree = "<group>"; };
		54F58B972958443F007B0D67 /* Assets.xcassets */ = {isa = PBXFileReference; lastKnownFileType = folder.assetcatalog; path = Assets.xcassets; sourceTree = "<group>"; };
		54F58B9A2958443F007B0D67 /* Base */ = {isa = PBXFileReference; lastKnownFileType = file.storyboard; name = Base; path = Base.lproj/LaunchScreen.storyboard; sourceTree = "<group>"; };
		54F58B9C2958443F007B0D67 /* Info.plist */ = {isa = PBXFileReference; lastKnownFileType = text.plist.xml; path = Info.plist; sourceTree = "<group>"; };
		54F58BA12958443F007B0D67 /* ProductListDemoTests.xctest */ = {isa = PBXFileReference; explicitFileType = wrapper.cfbundle; includeInIndex = 0; path = ProductListDemoTests.xctest; sourceTree = BUILT_PRODUCTS_DIR; };
		54F58BA52958443F007B0D67 /* ProductListDemoTests.swift */ = {isa = PBXFileReference; lastKnownFileType = sourcecode.swift; path = ProductListDemoTests.swift; sourceTree = "<group>"; };
		54F58BAB29584440007B0D67 /* ProductListDemoUITests.xctest */ = {isa = PBXFileReference; explicitFileType = wrapper.cfbundle; includeInIndex = 0; path = ProductListDemoUITests.xctest; sourceTree = BUILT_PRODUCTS_DIR; };
		54F58BAF29584440007B0D67 /* ProductListDemoUITests.swift */ = {isa = PBXFileReference; lastKnownFileType = sourcecode.swift; path = ProductListDemoUITests.swift; sourceTree = "<group>"; };
		54F58BB129584440007B0D67 /* ProductListDemoUITestsLaunchTests.swift */ = {isa = PBXFileReference; lastKnownFileType = sourcecode.swift; path = ProductListDemoUITestsLaunchTests.swift; sourceTree = "<group>"; };
		54F58BBE29585C0B007B0D67 /* ProductListViewController.swift */ = {isa = PBXFileReference; lastKnownFileType = sourcecode.swift; path = ProductListViewController.swift; sourceTree = "<group>"; };
/* End PBXFileReference section */

/* Begin PBXFrameworksBuildPhase section */
		54F58B882958443A007B0D67 /* Frameworks */ = {
			isa = PBXFrameworksBuildPhase;
			buildActionMask = 2147483647;
			files = (
			);
			runOnlyForDeploymentPostprocessing = 0;
		};
		54F58B9E2958443F007B0D67 /* Frameworks */ = {
			isa = PBXFrameworksBuildPhase;
			buildActionMask = 2147483647;
			files = (
			);
			runOnlyForDeploymentPostprocessing = 0;
		};
		54F58BA829584440007B0D67 /* Frameworks */ = {
			isa = PBXFrameworksBuildPhase;
			buildActionMask = 2147483647;
			files = (
			);
			runOnlyForDeploymentPostprocessing = 0;
		};
/* End PBXFrameworksBuildPhase section */

/* Begin PBXGroup section */
		54A524B82958EE0900BEDF6E /* API */ = {
			isa = PBXGroup;
			children = (
				54A524B92958EE0900BEDF6E /* APILoader.swift */,
				54A524BA2958EE0900BEDF6E /* APIHandler.swift */,
				54A524CB29596C0600BEDF6E /* ProductListRequest.swift */,
				54A524CD29596C9C00BEDF6E /* ProductListRequestError.swift */,
			);
			path = API;
			sourceTree = "<group>";
		};
		54A524BB2958EE0900BEDF6E /* Helpers */ = {
			isa = PBXGroup;
			children = (
				54A524BC2958EE0900BEDF6E /* UIViewController+Alert.swift */,
				54A524BD2958EE0900BEDF6E /* Reachability.swift */,
				54A524BE2958EE0900BEDF6E /* String+Validation.swift */,
				54A524CF2959A2F800BEDF6E /* UIImageView+URL.swift */,
			);
			path = Helpers;
			sourceTree = "<group>";
		};
		54A524C42958F44900BEDF6E /* Model */ = {
			isa = PBXGroup;
			children = (
				54A524B42958E6C900BEDF6E /* Product.swift */,
				54A524B62958E9AF00BEDF6E /* Products.swift */,
			);
			path = Model;
			sourceTree = "<group>";
		};
		54F58B822958443A007B0D67 = {
			isa = PBXGroup;
			children = (
				54F58B8D2958443A007B0D67 /* ProductListDemo */,
				54F58BA42958443F007B0D67 /* ProductListDemoTests */,
				54F58BAE29584440007B0D67 /* ProductListDemoUITests */,
				54F58B8C2958443A007B0D67 /* Products */,
			);
			sourceTree = "<group>";
		};
		54F58B8C2958443A007B0D67 /* Products */ = {
			isa = PBXGroup;
			children = (
				54F58B8B2958443A007B0D67 /* ProductListDemo.app */,
				54F58BA12958443F007B0D67 /* ProductListDemoTests.xctest */,
				54F58BAB29584440007B0D67 /* ProductListDemoUITests.xctest */,
			);
			name = Products;
			sourceTree = "<group>";
		};
		54F58B8D2958443A007B0D67 /* ProductListDemo */ = {
			isa = PBXGroup;
			children = (
				54F58B8E2958443A007B0D67 /* AppDelegate.swift */,
				54F58B902958443A007B0D67 /* SceneDelegate.swift */,
				54F58B922958443A007B0D67 /* ViewController.swift */,
				54A524B22958E2D600BEDF6E /* ProductCell.swift */,
				54F58B942958443A007B0D67 /* Main.storyboard */,
				54F58B972958443F007B0D67 /* Assets.xcassets */,
				54F58B992958443F007B0D67 /* LaunchScreen.storyboard */,
				54F58B9C2958443F007B0D67 /* Info.plist */,
				54F58BBE29585C0B007B0D67 /* ProductListViewController.swift */,
				54A524C42958F44900BEDF6E /* Model */,
				54A524B82958EE0900BEDF6E /* API */,
				54A524BB2958EE0900BEDF6E /* Helpers */,
				54A524C72958F49C00BEDF6E /* ProductListViewModel.swift */,
			);
			path = ProductListDemo;
			sourceTree = "<group>";
		};
		54F58BA42958443F007B0D67 /* ProductListDemoTests */ = {
			isa = PBXGroup;
			children = (
				54F58BA52958443F007B0D67 /* ProductListDemoTests.swift */,
			);
			path = ProductListDemoTests;
			sourceTree = "<group>";
		};
		54F58BAE29584440007B0D67 /* ProductListDemoUITests */ = {
			isa = PBXGroup;
			children = (
				54F58BAF29584440007B0D67 /* ProductListDemoUITests.swift */,
				54F58BB129584440007B0D67 /* ProductListDemoUITestsLaunchTests.swift */,
			);
			path = ProductListDemoUITests;
			sourceTree = "<group>";
		};
/* End PBXGroup section */

/* Begin PBXNativeTarget section */
		54F58B8A2958443A007B0D67 /* ProductListDemo */ = {
			isa = PBXNativeTarget;
			buildConfigurationList = 54F58BB529584440007B0D67 /* Build configuration list for PBXNativeTarget "ProductListDemo" */;
			buildPhases = (
				54F58B872958443A007B0D67 /* Sources */,
				54F58B882958443A007B0D67 /* Frameworks */,
				54F58B892958443A007B0D67 /* Resources */,
			);
			buildRules = (
			);
			dependencies = (
			);
			name = ProductListDemo;
			productName = ProductListDemo;
			productReference = 54F58B8B2958443A007B0D67 /* ProductListDemo.app */;
			productType = "com.apple.product-type.application";
		};
		54F58BA02958443F007B0D67 /* ProductListDemoTests */ = {
			isa = PBXNativeTarget;
			buildConfigurationList = 54F58BB829584440007B0D67 /* Build configuration list for PBXNativeTarget "ProductListDemoTests" */;
			buildPhases = (
				54F58B9D2958443F007B0D67 /* Sources */,
				54F58B9E2958443F007B0D67 /* Frameworks */,
				54F58B9F2958443F007B0D67 /* Resources */,
			);
			buildRules = (
			);
			dependencies = (
				54F58BA32958443F007B0D67 /* PBXTargetDependency */,
			);
			name = ProductListDemoTests;
			productName = ProductListDemoTests;
			productReference = 54F58BA12958443F007B0D67 /* ProductListDemoTests.xctest */;
			productType = "com.apple.product-type.bundle.unit-test";
		};
		54F58BAA29584440007B0D67 /* ProductListDemoUITests */ = {
			isa = PBXNativeTarget;
			buildConfigurationList = 54F58BBB29584440007B0D67 /* Build configuration list for PBXNativeTarget "ProductListDemoUITests" */;
			buildPhases = (
				54F58BA729584440007B0D67 /* Sources */,
				54F58BA829584440007B0D67 /* Frameworks */,
				54F58BA929584440007B0D67 /* Resources */,
			);
			buildRules = (
			);
			dependencies = (
				54F58BAD29584440007B0D67 /* PBXTargetDependency */,
			);
			name = ProductListDemoUITests;
			productName = ProductListDemoUITests;
			productReference = 54F58BAB29584440007B0D67 /* ProductListDemoUITests.xctest */;
			productType = "com.apple.product-type.bundle.ui-testing";
		};
/* End PBXNativeTarget section */

/* Begin PBXProject section */
		54F58B832958443A007B0D67 /* Project object */ = {
			isa = PBXProject;
			attributes = {
				BuildIndependentTargetsInParallel = 1;
				LastSwiftUpdateCheck = 1320;
				LastUpgradeCheck = 1320;
				TargetAttributes = {
					54F58B8A2958443A007B0D67 = {
						CreatedOnToolsVersion = 13.2.1;
					};
					54F58BA02958443F007B0D67 = {
						CreatedOnToolsVersion = 13.2.1;
						TestTargetID = 54F58B8A2958443A007B0D67;
					};
					54F58BAA29584440007B0D67 = {
						CreatedOnToolsVersion = 13.2.1;
						TestTargetID = 54F58B8A2958443A007B0D67;
					};
				};
			};
			buildConfigurationList = 54F58B862958443A007B0D67 /* Build configuration list for PBXProject "ProductListDemo" */;
			compatibilityVersion = "Xcode 13.0";
			developmentRegion = en;
			hasScannedForEncodings = 0;
			knownRegions = (
				en,
				Base,
			);
			mainGroup = 54F58B822958443A007B0D67;
			productRefGroup = 54F58B8C2958443A007B0D67 /* Products */;
			projectDirPath = "";
			projectRoot = "";
			targets = (
				54F58B8A2958443A007B0D67 /* ProductListDemo */,
				54F58BA02958443F007B0D67 /* ProductListDemoTests */,
				54F58BAA29584440007B0D67 /* ProductListDemoUITests */,
			);
		};
/* End PBXProject section */

/* Begin PBXResourcesBuildPhase section */
		54F58B892958443A007B0D67 /* Resources */ = {
			isa = PBXResourcesBuildPhase;
			buildActionMask = 2147483647;
			files = (
				54F58B9B2958443F007B0D67 /* LaunchScreen.storyboard in Resources */,
				54F58B982958443F007B0D67 /* Assets.xcassets in Resources */,
				54F58B962958443A007B0D67 /* Main.storyboard in Resources */,
			);
			runOnlyForDeploymentPostprocessing = 0;
		};
		54F58B9F2958443F007B0D67 /* Resources */ = {
			isa = PBXResourcesBuildPhase;
			buildActionMask = 2147483647;
			files = (
			);
			runOnlyForDeploymentPostprocessing = 0;
		};
		54F58BA929584440007B0D67 /* Resources */ = {
			isa = PBXResourcesBuildPhase;
			buildActionMask = 2147483647;
			files = (
			);
			runOnlyForDeploymentPostprocessing = 0;
		};
/* End PBXResourcesBuildPhase section */

/* Begin PBXSourcesBuildPhase section */
		54F58B872958443A007B0D67 /* Sources */ = {
			isa = PBXSourcesBuildPhase;
			buildActionMask = 2147483647;
			files = (
				54F58B932958443A007B0D67 /* ViewController.swift in Sources */,
				54F58B8F2958443A007B0D67 /* AppDelegate.swift in Sources */,
				54A524B32958E2D600BEDF6E /* ProductCell.swift in Sources */,
				54A524C32958EE0900BEDF6E /* String+Validation.swift in Sources */,
				54A524BF2958EE0900BEDF6E /* APILoader.swift in Sources */,
				54A524B72958E9AF00BEDF6E /* Products.swift in Sources */,
				54A524C12958EE0900BEDF6E /* UIViewController+Alert.swift in Sources */,
				54A524C82958F49C00BEDF6E /* ProductListViewModel.swift in Sources */,
				54A524CE29596C9C00BEDF6E /* ProductListRequestError.swift in Sources */,
				54F58BBF29585C0B007B0D67 /* ProductListViewController.swift in Sources */,
				54A524D02959A2F800BEDF6E /* UIImageView+URL.swift in Sources */,
				54A524C22958EE0900BEDF6E /* Reachability.swift in Sources */,
				54A524C02958EE0900BEDF6E /* APIHandler.swift in Sources */,
				54A524CC29596C0600BEDF6E /* ProductListRequest.swift in Sources */,
				54F58B912958443A007B0D67 /* SceneDelegate.swift in Sources */,
				54A524B52958E6C900BEDF6E /* Product.swift in Sources */,
			);
			runOnlyForDeploymentPostprocessing = 0;
		};
		54F58B9D2958443F007B0D67 /* Sources */ = {
			isa = PBXSourcesBuildPhase;
			buildActionMask = 2147483647;
			files = (
				54F58BA62958443F007B0D67 /* ProductListDemoTests.swift in Sources */,
			);
			runOnlyForDeploymentPostprocessing = 0;
		};
		54F58BA729584440007B0D67 /* Sources */ = {
			isa = PBXSourcesBuildPhase;
			buildActionMask = 2147483647;
			files = (
				54F58BB029584440007B0D67 /* ProductListDemoUITests.swift in Sources */,
				54F58BB229584440007B0D67 /* ProductListDemoUITestsLaunchTests.swift in Sources */,
			);
			runOnlyForDeploymentPostprocessing = 0;
		};
/* End PBXSourcesBuildPhase section */

/* Begin PBXTargetDependency section */
		54F58BA32958443F007B0D67 /* PBXTargetDependency */ = {
			isa = PBXTargetDependency;
			target = 54F58B8A2958443A007B0D67 /* ProductListDemo */;
			targetProxy = 54F58BA22958443F007B0D67 /* PBXContainerItemProxy */;
		};
		54F58BAD29584440007B0D67 /* PBXTargetDependency */ = {
			isa = PBXTargetDependency;
			target = 54F58B8A2958443A007B0D67 /* ProductListDemo */;
			targetProxy = 54F58BAC29584440007B0D67 /* PBXContainerItemProxy */;
		};
/* End PBXTargetDependency section */

/* Begin PBXVariantGroup section */
		54F58B942958443A007B0D67 /* Main.storyboard */ = {
			isa = PBXVariantGroup;
			children = (
				54F58B952958443A007B0D67 /* Base */,
			);
			name = Main.storyboard;
			sourceTree = "<group>";
		};
		54F58B992958443F007B0D67 /* LaunchScreen.storyboard */ = {
			isa = PBXVariantGroup;
			children = (
				54F58B9A2958443F007B0D67 /* Base */,
			);
			name = LaunchScreen.storyboard;
			sourceTree = "<group>";
		};
/* End PBXVariantGroup section */

/* Begin XCBuildConfiguration section */
		54F58BB329584440007B0D67 /* Debug */ = {
			isa = XCBuildConfiguration;
			buildSettings = {
				ALWAYS_SEARCH_USER_PATHS = NO;
				CLANG_ANALYZER_NONNULL = YES;
				CLANG_ANALYZER_NUMBER_OBJECT_CONVERSION = YES_AGGRESSIVE;
				CLANG_CXX_LANGUAGE_STANDARD = "gnu++17";
				CLANG_CXX_LIBRARY = "libc++";
				CLANG_ENABLE_MODULES = YES;
				CLANG_ENABLE_OBJC_ARC = YES;
				CLANG_ENABLE_OBJC_WEAK = YES;
				CLANG_WARN_BLOCK_CAPTURE_AUTORELEASING = YES;
				CLANG_WARN_BOOL_CONVERSION = YES;
				CLANG_WARN_COMMA = YES;
				CLANG_WARN_CONSTANT_CONVERSION = YES;
				CLANG_WARN_DEPRECATED_OBJC_IMPLEMENTATIONS = YES;
				CLANG_WARN_DIRECT_OBJC_ISA_USAGE = YES_ERROR;
				CLANG_WARN_DOCUMENTATION_COMMENTS = YES;
				CLANG_WARN_EMPTY_BODY = YES;
				CLANG_WARN_ENUM_CONVERSION = YES;
				CLANG_WARN_INFINITE_RECURSION = YES;
				CLANG_WARN_INT_CONVERSION = YES;
				CLANG_WARN_NON_LITERAL_NULL_CONVERSION = YES;
				CLANG_WARN_OBJC_IMPLICIT_RETAIN_SELF = YES;
				CLANG_WARN_OBJC_LITERAL_CONVERSION = YES;
				CLANG_WARN_OBJC_ROOT_CLASS = YES_ERROR;
				CLANG_WARN_QUOTED_INCLUDE_IN_FRAMEWORK_HEADER = YES;
				CLANG_WARN_RANGE_LOOP_ANALYSIS = YES;
				CLANG_WARN_STRICT_PROTOTYPES = YES;
				CLANG_WARN_SUSPICIOUS_MOVE = YES;
				CLANG_WARN_UNGUARDED_AVAILABILITY = YES_AGGRESSIVE;
				CLANG_WARN_UNREACHABLE_CODE = YES;
				CLANG_WARN__DUPLICATE_METHOD_MATCH = YES;
				COPY_PHASE_STRIP = NO;
				DEBUG_INFORMATION_FORMAT = dwarf;
				ENABLE_STRICT_OBJC_MSGSEND = YES;
				ENABLE_TESTABILITY = YES;
				GCC_C_LANGUAGE_STANDARD = gnu11;
				GCC_DYNAMIC_NO_PIC = NO;
				GCC_NO_COMMON_BLOCKS = YES;
				GCC_OPTIMIZATION_LEVEL = 0;
				GCC_PREPROCESSOR_DEFINITIONS = (
					"DEBUG=1",
					"$(inherited)",
				);
				GCC_WARN_64_TO_32_BIT_CONVERSION = YES;
				GCC_WARN_ABOUT_RETURN_TYPE = YES_ERROR;
				GCC_WARN_UNDECLARED_SELECTOR = YES;
				GCC_WARN_UNINITIALIZED_AUTOS = YES_AGGRESSIVE;
				GCC_WARN_UNUSED_FUNCTION = YES;
				GCC_WARN_UNUSED_VARIABLE = YES;
				IPHONEOS_DEPLOYMENT_TARGET = 15.2;
				MTL_ENABLE_DEBUG_INFO = INCLUDE_SOURCE;
				MTL_FAST_MATH = YES;
				ONLY_ACTIVE_ARCH = YES;
				SDKROOT = iphoneos;
				SWIFT_ACTIVE_COMPILATION_CONDITIONS = DEBUG;
				SWIFT_OPTIMIZATION_LEVEL = "-Onone";
			};
			name = Debug;
		};
		54F58BB429584440007B0D67 /* Release */ = {
			isa = XCBuildConfiguration;
			buildSettings = {
				ALWAYS_SEARCH_USER_PATHS = NO;
				CLANG_ANALYZER_NONNULL = YES;
				CLANG_ANALYZER_NUMBER_OBJECT_CONVERSION = YES_AGGRESSIVE;
				CLANG_CXX_LANGUAGE_STANDARD = "gnu++17";
				CLANG_CXX_LIBRARY = "libc++";
				CLANG_ENABLE_MODULES = YES;
				CLANG_ENABLE_OBJC_ARC = YES;
				CLANG_ENABLE_OBJC_WEAK = YES;
				CLANG_WARN_BLOCK_CAPTURE_AUTORELEASING = YES;
				CLANG_WARN_BOOL_CONVERSION = YES;
				CLANG_WARN_COMMA = YES;
				CLANG_WARN_CONSTANT_CONVERSION = YES;
				CLANG_WARN_DEPRECATED_OBJC_IMPLEMENTATIONS = YES;
				CLANG_WARN_DIRECT_OBJC_ISA_USAGE = YES_ERROR;
				CLANG_WARN_DOCUMENTATION_COMMENTS = YES;
				CLANG_WARN_EMPTY_BODY = YES;
				CLANG_WARN_ENUM_CONVERSION = YES;
				CLANG_WARN_INFINITE_RECURSION = YES;
				CLANG_WARN_INT_CONVERSION = YES;
				CLANG_WARN_NON_LITERAL_NULL_CONVERSION = YES;
				CLANG_WARN_OBJC_IMPLICIT_RETAIN_SELF = YES;
				CLANG_WARN_OBJC_LITERAL_CONVERSION = YES;
				CLANG_WARN_OBJC_ROOT_CLASS = YES_ERROR;
				CLANG_WARN_QUOTED_INCLUDE_IN_FRAMEWORK_HEADER = YES;
				CLANG_WARN_RANGE_LOOP_ANALYSIS = YES;
				CLANG_WARN_STRICT_PROTOTYPES = YES;
				CLANG_WARN_SUSPICIOUS_MOVE = YES;
				CLANG_WARN_UNGUARDED_AVAILABILITY = YES_AGGRESSIVE;
				CLANG_WARN_UNREACHABLE_CODE = YES;
				CLANG_WARN__DUPLICATE_METHOD_MATCH = YES;
				COPY_PHASE_STRIP = NO;
				DEBUG_INFORMATION_FORMAT = "dwarf-with-dsym";
				ENABLE_NS_ASSERTIONS = NO;
				ENABLE_STRICT_OBJC_MSGSEND = YES;
				GCC_C_LANGUAGE_STANDARD = gnu11;
				GCC_NO_COMMON_BLOCKS = YES;
				GCC_WARN_64_TO_32_BIT_CONVERSION = YES;
				GCC_WARN_ABOUT_RETURN_TYPE = YES_ERROR;
				GCC_WARN_UNDECLARED_SELECTOR = YES;
				GCC_WARN_UNINITIALIZED_AUTOS = YES_AGGRESSIVE;
				GCC_WARN_UNUSED_FUNCTION = YES;
				GCC_WARN_UNUSED_VARIABLE = YES;
				IPHONEOS_DEPLOYMENT_TARGET = 15.2;
				MTL_ENABLE_DEBUG_INFO = NO;
				MTL_FAST_MATH = YES;
				SDKROOT = iphoneos;
				SWIFT_COMPILATION_MODE = wholemodule;
				SWIFT_OPTIMIZATION_LEVEL = "-O";
				VALIDATE_PRODUCT = YES;
			};
			name = Release;
		};
		54F58BB629584440007B0D67 /* Debug */ = {
			isa = XCBuildConfiguration;
			buildSettings = {
				ASSETCATALOG_COMPILER_APPICON_NAME = AppIcon;
				ASSETCATALOG_COMPILER_GLOBAL_ACCENT_COLOR_NAME = AccentColor;
				CODE_SIGN_STYLE = Automatic;
				CURRENT_PROJECT_VERSION = 1;
				GENERATE_INFOPLIST_FILE = YES;
				INFOPLIST_FILE = ProductListDemo/Info.plist;
				INFOPLIST_KEY_UIApplicationSupportsIndirectInputEvents = YES;
				INFOPLIST_KEY_UILaunchStoryboardName = LaunchScreen;
				INFOPLIST_KEY_UIMainStoryboardFile = Main;
				INFOPLIST_KEY_UISupportedInterfaceOrientations_iPad = "UIInterfaceOrientationPortrait UIInterfaceOrientationPortraitUpsideDown UIInterfaceOrientationLandscapeLeft UIInterfaceOrientationLandscapeRight";
				INFOPLIST_KEY_UISupportedInterfaceOrientations_iPhone = "UIInterfaceOrientationPortrait UIInterfaceOrientationLandscapeLeft UIInterfaceOrientationLandscapeRight";
				LD_RUNPATH_SEARCH_PATHS = (
					"$(inherited)",
					"@executable_path/Frameworks",
				);
				MARKETING_VERSION = 1.0;
				PRODUCT_BUNDLE_IDENTIFIER = com.ashu.ProductListDemo;
				PRODUCT_NAME = "$(TARGET_NAME)";
				SWIFT_EMIT_LOC_STRINGS = YES;
				SWIFT_VERSION = 5.0;
				TARGETED_DEVICE_FAMILY = "1,2";
			};
			name = Debug;
		};
		54F58BB729584440007B0D67 /* Release */ = {
			isa = XCBuildConfiguration;
			buildSettings = {
				ASSETCATALOG_COMPILER_APPICON_NAME = AppIcon;
				ASSETCATALOG_COMPILER_GLOBAL_ACCENT_COLOR_NAME = AccentColor;
				CODE_SIGN_STYLE = Automatic;
				CURRENT_PROJECT_VERSION = 1;
				GENERATE_INFOPLIST_FILE = YES;
				INFOPLIST_FILE = ProductListDemo/Info.plist;
				INFOPLIST_KEY_UIApplicationSupportsIndirectInputEvents = YES;
				INFOPLIST_KEY_UILaunchStoryboardName = LaunchScreen;
				INFOPLIST_KEY_UIMainStoryboardFile = Main;
				INFOPLIST_KEY_UISupportedInterfaceOrientations_iPad = "UIInterfaceOrientationPortrait UIInterfaceOrientationPortraitUpsideDown UIInterfaceOrientationLandscapeLeft UIInterfaceOrientationLandscapeRight";
				INFOPLIST_KEY_UISupportedInterfaceOrientations_iPhone = "UIInterfaceOrientationPortrait UIInterfaceOrientationLandscapeLeft UIInterfaceOrientationLandscapeRight";
				LD_RUNPATH_SEARCH_PATHS = (
					"$(inherited)",
					"@executable_path/Frameworks",
				);
				MARKETING_VERSION = 1.0;
				PRODUCT_BUNDLE_IDENTIFIER = com.ashu.ProductListDemo;
				PRODUCT_NAME = "$(TARGET_NAME)";
				SWIFT_EMIT_LOC_STRINGS = YES;
				SWIFT_VERSION = 5.0;
				TARGETED_DEVICE_FAMILY = "1,2";
			};
			name = Release;
		};
		54F58BB929584440007B0D67 /* Debug */ = {
			isa = XCBuildConfiguration;
			buildSettings = {
				ALWAYS_EMBED_SWIFT_STANDARD_LIBRARIES = YES;
				BUNDLE_LOADER = "$(TEST_HOST)";
				CODE_SIGN_STYLE = Automatic;
				CURRENT_PROJECT_VERSION = 1;
				GENERATE_INFOPLIST_FILE = YES;
				IPHONEOS_DEPLOYMENT_TARGET = 15.2;
				MARKETING_VERSION = 1.0;
				PRODUCT_BUNDLE_IDENTIFIER = com.ashu.ProductListDemoTests;
				PRODUCT_NAME = "$(TARGET_NAME)";
				SWIFT_EMIT_LOC_STRINGS = NO;
				SWIFT_VERSION = 5.0;
				TARGETED_DEVICE_FAMILY = "1,2";
				TEST_HOST = "$(BUILT_PRODUCTS_DIR)/ProductListDemo.app/ProductListDemo";
			};
			name = Debug;
		};
		54F58BBA29584440007B0D67 /* Release */ = {
			isa = XCBuildConfiguration;
			buildSettings = {
				ALWAYS_EMBED_SWIFT_STANDARD_LIBRARIES = YES;
				BUNDLE_LOADER = "$(TEST_HOST)";
				CODE_SIGN_STYLE = Automatic;
				CURRENT_PROJECT_VERSION = 1;
				GENERATE_INFOPLIST_FILE = YES;
				IPHONEOS_DEPLOYMENT_TARGET = 15.2;
				MARKETING_VERSION = 1.0;
				PRODUCT_BUNDLE_IDENTIFIER = com.ashu.ProductListDemoTests;
				PRODUCT_NAME = "$(TARGET_NAME)";
				SWIFT_EMIT_LOC_STRINGS = NO;
				SWIFT_VERSION = 5.0;
				TARGETED_DEVICE_FAMILY = "1,2";
				TEST_HOST = "$(BUILT_PRODUCTS_DIR)/ProductListDemo.app/ProductListDemo";
			};
			name = Release;
		};
		54F58BBC29584440007B0D67 /* Debug */ = {
			isa = XCBuildConfiguration;
			buildSettings = {
				ALWAYS_EMBED_SWIFT_STANDARD_LIBRARIES = YES;
				CODE_SIGN_STYLE = Automatic;
				CURRENT_PROJECT_VERSION = 1;
				GENERATE_INFOPLIST_FILE = YES;
				MARKETING_VERSION = 1.0;
				PRODUCT_BUNDLE_IDENTIFIER = com.ashu.ProductListDemoUITests;
				PRODUCT_NAME = "$(TARGET_NAME)";
				SWIFT_EMIT_LOC_STRINGS = NO;
				SWIFT_VERSION = 5.0;
				TARGETED_DEVICE_FAMILY = "1,2";
				TEST_TARGET_NAME = ProductListDemo;
			};
			name = Debug;
		};
		54F58BBD29584440007B0D67 /* Release */ = {
			isa = XCBuildConfiguration;
			buildSettings = {
				ALWAYS_EMBED_SWIFT_STANDARD_LIBRARIES = YES;
				CODE_SIGN_STYLE = Automatic;
				CURRENT_PROJECT_VERSION = 1;
				GENERATE_INFOPLIST_FILE = YES;
				MARKETING_VERSION = 1.0;
				PRODUCT_BUNDLE_IDENTIFIER = com.ashu.ProductListDemoUITests;
				PRODUCT_NAME = "$(TARGET_NAME)";
				SWIFT_EMIT_LOC_STRINGS = NO;
				SWIFT_VERSION = 5.0;
				TARGETED_DEVICE_FAMILY = "1,2";
				TEST_TARGET_NAME = ProductListDemo;
			};
			name = Release;
		};
/* End XCBuildConfiguration section */

/* Begin XCConfigurationList section */
		54F58B862958443A007B0D67 /* Build configuration list for PBXProject "ProductListDemo" */ = {
			isa = XCConfigurationList;
			buildConfigurations = (
				54F58BB329584440007B0D67 /* Debug */,
				54F58BB429584440007B0D67 /* Release */,
			);
			defaultConfigurationIsVisible = 0;
			defaultConfigurationName = Release;
		};
		54F58BB529584440007B0D67 /* Build configuration list for PBXNativeTarget "ProductListDemo" */ = {
			isa = XCConfigurationList;
			buildConfigurations = (
				54F58BB629584440007B0D67 /* Debug */,
				54F58BB729584440007B0D67 /* Release */,
			);
			defaultConfigurationIsVisible = 0;
			defaultConfigurationName = Release;
		};
		54F58BB829584440007B0D67 /* Build configuration list for PBXNativeTarget "ProductListDemoTests" */ = {
			isa = XCConfigurationList;
			buildConfigurations = (
				54F58BB929584440007B0D67 /* Debug */,
				54F58BBA29584440007B0D67 /* Release */,
			);
			defaultConfigurationIsVisible = 0;
			defaultConfigurationName = Release;
		};
		54F58BBB29584440007B0D67 /* Build configuration list for PBXNativeTarget "ProductListDemoUITests" */ = {
			isa = XCConfigurationList;
			buildConfigurations = (
				54F58BBC29584440007B0D67 /* Debug */,
				54F58BBD29584440007B0D67 /* Release */,
			);
			defaultConfigurationIsVisible = 0;
			defaultConfigurationName = Release;
		};
/* End XCConfigurationList section */
	};
	rootObject = 54F58B832958443A007B0D67 /* Project object */;
}
